
Microsoft Visual Studio Solution File, Format Version 12.00
# Visual Studio Version 16
VisualStudioVersion = 16.0.29306.81
MinimumVisualStudioVersion = 10.0.40219.1
Project("{FAE04EC0-301F-11D3-BF4B-00C04F79EFBC}") = "Игра с массивами-шарики", "Игра с массивами-шарики\Игра с массивами-шарики.csproj", "{E9D590B1-3C0A-4D2D-B37A-BDF909FF700C}"
EndProject
Global
	GlobalSection(SolutionConfigurationPlatforms) = preSolution
		Debug|Any CPU = Debug|Any CPU
		Release|Any CPU = Release|Any CPU
	EndGlobalSection
	GlobalSection(ProjectConfigurationPlatforms) = postSolution
		{E9D590B1-3C0A-4D2D-B37A-BDF909FF700C}.Debug|Any CPU.ActiveCfg = Debug|Any CPU
		{E9D590B1-3C0A-4D2D-B37A-BDF909FF700C}.Debug|Any CPU.Build.0 = Debug|Any CPU
		{E9D590B1-3C0A-4D2D-B37A-BDF909FF700C}.Release|Any CPU.ActiveCfg = Release|Any CPU
		{E9D590B1-3C0A-4D2D-B37A-BDF909FF700C}.Release|Any CPU.Build.0 = Release|Any CPU
	EndGlobalSection
	GlobalSection(SolutionProperties) = preSolution
		HideSolutionNode = FALSE
	EndGlobalSection
	GlobalSection(ExtensibilityGlobals) = postSolution
		SolutionGuid = {E9FE3A8B-57C6-4BEB-9C57-A87F7A796BFA}
	EndGlobalSection
EndGlobal
