
Microsoft Visual Studio Solution File, Format Version 12.00
# Visual Studio Version 16
VisualStudioVersion = 16.0.29230.47
MinimumVisualStudioVersion = 10.0.40219.1
Project("{FAE04EC0-301F-11D3-BF4B-00C04F79EFBC}") = "Фоновая 6.1", "Фоновая 6.1\Фоновая 6.1.csproj", "{63B42834-F34D-4508-9390-2A407192BEDD}"
EndProject
Global
	GlobalSection(SolutionConfigurationPlatforms) = preSolution
		Debug|Any CPU = Debug|Any CPU
		Release|Any CPU = Release|Any CPU
	EndGlobalSection
	GlobalSection(ProjectConfigurationPlatforms) = postSolution
		{63B42834-F34D-4508-9390-2A407192BEDD}.Debug|Any CPU.ActiveCfg = Debug|Any CPU
		{63B42834-F34D-4508-9390-2A407192BEDD}.Debug|Any CPU.Build.0 = Debug|Any CPU
		{63B42834-F34D-4508-9390-2A407192BEDD}.Release|Any CPU.ActiveCfg = Release|Any CPU
		{63B42834-F34D-4508-9390-2A407192BEDD}.Release|Any CPU.Build.0 = Release|Any CPU
	EndGlobalSection
	GlobalSection(SolutionProperties) = preSolution
		HideSolutionNode = FALSE
	EndGlobalSection
	GlobalSection(ExtensibilityGlobals) = postSolution
		SolutionGuid = {93F8501F-9096-47B4-822C-A61F46054885}
	EndGlobalSection
EndGlobal
