
Microsoft Visual Studio Solution File, Format Version 12.00
# Visual Studio Version 16
VisualStudioVersion = 16.0.30907.101
MinimumVisualStudioVersion = 10.0.40219.1
Project("{FAE04EC0-301F-11D3-BF4B-00C04F79EFBC}") = "MnogougolnikiUndoRedo", "MnogougolnikiUndoRedo\MnogougolnikiUndoRedo.csproj", "{AEF5917C-40B6-4CAE-8D9C-CF4677C60D36}"
EndProject
Global
	GlobalSection(SolutionConfigurationPlatforms) = preSolution
		Debug|Any CPU = Debug|Any CPU
		Release|Any CPU = Release|Any CPU
	EndGlobalSection
	GlobalSection(ProjectConfigurationPlatforms) = postSolution
		{AEF5917C-40B6-4CAE-8D9C-CF4677C60D36}.Debug|Any CPU.ActiveCfg = Debug|Any CPU
		{AEF5917C-40B6-4CAE-8D9C-CF4677C60D36}.Debug|Any CPU.Build.0 = Debug|Any CPU
		{AEF5917C-40B6-4CAE-8D9C-CF4677C60D36}.Release|Any CPU.ActiveCfg = Release|Any CPU
		{AEF5917C-40B6-4CAE-8D9C-CF4677C60D36}.Release|Any CPU.Build.0 = Release|Any CPU
	EndGlobalSection
	GlobalSection(SolutionProperties) = preSolution
		HideSolutionNode = FALSE
	EndGlobalSection
	GlobalSection(ExtensibilityGlobals) = postSolution
		SolutionGuid = {508D59B4-CB77-4B54-9BE8-92A374E09FEF}
	EndGlobalSection
EndGlobal
